
Microsoft Visual Studio Solution File, Format Version 12.00
# Visual Studio Version 16
VisualStudioVersion = 16.0.31702.278
MinimumVisualStudioVersion = 10.0.40219.1
Project("{FAE04EC0-301F-11D3-BF4B-00C04F79EFBC}") = "1911062483_phamvanhoailoc", "1911062483_phamvanhoailoc\1911062483_phamvanhoailoc.csproj", "{3CEDC3D3-CE85-4B56-94FF-F718EE370494}"
EndProject
Global
	GlobalSection(SolutionConfigurationPlatforms) = preSolution
		Debug|Any CPU = Debug|Any CPU
		Release|Any CPU = Release|Any CPU
	EndGlobalSection
	GlobalSection(ProjectConfigurationPlatforms) = postSolution
		{3CEDC3D3-CE85-4B56-94FF-F718EE370494}.Debug|Any CPU.ActiveCfg = Debug|Any CPU
		{3CEDC3D3-CE85-4B56-94FF-F718EE370494}.Debug|Any CPU.Build.0 = Debug|Any CPU
		{3CEDC3D3-CE85-4B56-94FF-F718EE370494}.Release|Any CPU.ActiveCfg = Release|Any CPU
		{3CEDC3D3-CE85-4B56-94FF-F718EE370494}.Release|Any CPU.Build.0 = Release|Any CPU
	EndGlobalSection
	GlobalSection(SolutionProperties) = preSolution
		HideSolutionNode = FALSE
	EndGlobalSection
	GlobalSection(ExtensibilityGlobals) = postSolution
		SolutionGuid = {3AA05D06-DC9E-4BB9-8ADA-B246DF3BEDD1}
	EndGlobalSection
EndGlobal
